
Microsoft Visual Studio Solution File, Format Version 12.00
# Visual Studio Version 17
VisualStudioVersion = 17.4.33110.190
MinimumVisualStudioVersion = 10.0.40219.1
Project("{FAE04EC0-301F-11D3-BF4B-00C04F79EFBC}") = "Task2_ADO.Net_SQL_Connection", "Task2_ADO.Net_SQL_Connection.csproj", "{5893F322-3CAF-40EE-B496-E8BB90162A0C}"
EndProject
Global
	GlobalSection(SolutionConfigurationPlatforms) = preSolution
		Debug|Any CPU = Debug|Any CPU
		Release|Any CPU = Release|Any CPU
	EndGlobalSection
	GlobalSection(ProjectConfigurationPlatforms) = postSolution
		{5893F322-3CAF-40EE-B496-E8BB90162A0C}.Debug|Any CPU.ActiveCfg = Debug|Any CPU
		{5893F322-3CAF-40EE-B496-E8BB90162A0C}.Debug|Any CPU.Build.0 = Debug|Any CPU
		{5893F322-3CAF-40EE-B496-E8BB90162A0C}.Release|Any CPU.ActiveCfg = Release|Any CPU
		{5893F322-3CAF-40EE-B496-E8BB90162A0C}.Release|Any CPU.Build.0 = Release|Any CPU
	EndGlobalSection
	GlobalSection(SolutionProperties) = preSolution
		HideSolutionNode = FALSE
	EndGlobalSection
	GlobalSection(ExtensibilityGlobals) = postSolution
		SolutionGuid = {84CA3A98-C2F0-4A59-A342-C5CA2C6E038C}
	EndGlobalSection
EndGlobal
